
Microsoft Visual Studio Solution File, Format Version 12.00
# Visual Studio Version 17
VisualStudioVersion = 17.1.32210.238
MinimumVisualStudioVersion = 10.0.40219.1
Project("{FAE04EC0-301F-11D3-BF4B-00C04F79EFBC}") = "CheckTheSTRINGisEmptyOrNo_Return_TRUEorFALSE", "CheckTheSTRINGisEmptyOrNo_Return_TRUEorFALSE.csproj", "{CED5456A-6083-4E7B-873D-D3F429CC140F}"
EndProject
Global
	GlobalSection(SolutionConfigurationPlatforms) = preSolution
		Debug|Any CPU = Debug|Any CPU
		Release|Any CPU = Release|Any CPU
	EndGlobalSection
	GlobalSection(ProjectConfigurationPlatforms) = postSolution
		{CED5456A-6083-4E7B-873D-D3F429CC140F}.Debug|Any CPU.ActiveCfg = Debug|Any CPU
		{CED5456A-6083-4E7B-873D-D3F429CC140F}.Debug|Any CPU.Build.0 = Debug|Any CPU
		{CED5456A-6083-4E7B-873D-D3F429CC140F}.Release|Any CPU.ActiveCfg = Release|Any CPU
		{CED5456A-6083-4E7B-873D-D3F429CC140F}.Release|Any CPU.Build.0 = Release|Any CPU
	EndGlobalSection
	GlobalSection(SolutionProperties) = preSolution
		HideSolutionNode = FALSE
	EndGlobalSection
	GlobalSection(ExtensibilityGlobals) = postSolution
		SolutionGuid = {ACC82CDA-9F57-4882-8429-AC1FB41BE3D1}
	EndGlobalSection
EndGlobal
